
Microsoft Visual Studio Solution File, Format Version 12.00
Project("{FAE04EC0-301F-11D3-BF4B-00C04F79EFBC}") = "AccuWeather", "AccuWeather\AccuWeather.csproj", "{4373C36D-850B-4D9B-B909-4012F090EAE3}"
EndProject
Global
	GlobalSection(SolutionConfigurationPlatforms) = preSolution
		Debug|Any CPU = Debug|Any CPU
		Release|Any CPU = Release|Any CPU
	EndGlobalSection
	GlobalSection(ProjectConfigurationPlatforms) = postSolution
		{4373C36D-850B-4D9B-B909-4012F090EAE3}.Debug|Any CPU.ActiveCfg = Debug|Any CPU
		{4373C36D-850B-4D9B-B909-4012F090EAE3}.Debug|Any CPU.Build.0 = Debug|Any CPU
		{4373C36D-850B-4D9B-B909-4012F090EAE3}.Release|Any CPU.ActiveCfg = Release|Any CPU
		{4373C36D-850B-4D9B-B909-4012F090EAE3}.Release|Any CPU.Build.0 = Release|Any CPU
	EndGlobalSection
EndGlobal
